
Microsoft Visual Studio Solution File, Format Version 12.00
# Visual Studio Version 17
VisualStudioVersion = 17.3.32929.385
MinimumVisualStudioVersion = 10.0.40219.1
Project("{9A19103F-16F7-4668-BE54-9A1E7A4F7556}") = "MyWallet.WebApi", "MyWallet.WebApi\MyWallet.WebApi.csproj", "{BEAB5E5D-7268-4E92-B692-90E24ADADE41}"
EndProject
Project("{9A19103F-16F7-4668-BE54-9A1E7A4F7556}") = "MyWallet.Core", "MyWallet.Core\MyWallet.Core.csproj", "{BECECEDF-D998-442E-B8D6-2EB54AB7D9B4}"
EndProject
Project("{9A19103F-16F7-4668-BE54-9A1E7A4F7556}") = "MyWallet.Services", "MyWallet.Services\MyWallet.Services.csproj", "{864B61A9-79EF-49CA-B240-3A672CA31EC8}"
EndProject
Project("{FAE04EC0-301F-11D3-BF4B-00C04F79EFBC}") = "MyWallet.Client", "MyWallet.Client\MyWallet.Client.csproj", "{9298A77E-EF56-47E6-BAFF-E2EE68265483}"
Project("{FAE04EC0-301F-11D3-BF4B-00C04F79EFBC}") = "MyWallet.Common", "MyWallet.Common\MyWallet.Common.csproj", "{F0862B13-C997-4E6E-A58B-C9853C035FB1}"
EndProject
Project("{FAE04EC0-301F-11D3-BF4B-00C04F79EFBC}") = "MyWallet.Resources", "MyWallet.Resources\MyWallet.Resources.csproj", "{DF90DC28-F652-4B4F-94F1-77D8A9A5E68A}"
EndProject
Global
	GlobalSection(SolutionConfigurationPlatforms) = preSolution
		Debug|Any CPU = Debug|Any CPU
		Release|Any CPU = Release|Any CPU
	EndGlobalSection
	GlobalSection(ProjectConfigurationPlatforms) = postSolution
		{BEAB5E5D-7268-4E92-B692-90E24ADADE41}.Debug|Any CPU.ActiveCfg = Debug|Any CPU
		{BEAB5E5D-7268-4E92-B692-90E24ADADE41}.Debug|Any CPU.Build.0 = Debug|Any CPU
		{BEAB5E5D-7268-4E92-B692-90E24ADADE41}.Release|Any CPU.ActiveCfg = Release|Any CPU
		{BEAB5E5D-7268-4E92-B692-90E24ADADE41}.Release|Any CPU.Build.0 = Release|Any CPU
		{BECECEDF-D998-442E-B8D6-2EB54AB7D9B4}.Debug|Any CPU.ActiveCfg = Debug|Any CPU
		{BECECEDF-D998-442E-B8D6-2EB54AB7D9B4}.Debug|Any CPU.Build.0 = Debug|Any CPU
		{BECECEDF-D998-442E-B8D6-2EB54AB7D9B4}.Release|Any CPU.ActiveCfg = Release|Any CPU
		{BECECEDF-D998-442E-B8D6-2EB54AB7D9B4}.Release|Any CPU.Build.0 = Release|Any CPU
		{864B61A9-79EF-49CA-B240-3A672CA31EC8}.Debug|Any CPU.ActiveCfg = Debug|Any CPU
		{864B61A9-79EF-49CA-B240-3A672CA31EC8}.Debug|Any CPU.Build.0 = Debug|Any CPU
		{864B61A9-79EF-49CA-B240-3A672CA31EC8}.Release|Any CPU.ActiveCfg = Release|Any CPU
		{864B61A9-79EF-49CA-B240-3A672CA31EC8}.Release|Any CPU.Build.0 = Release|Any CPU
		{9298A77E-EF56-47E6-BAFF-E2EE68265483}.Debug|Any CPU.ActiveCfg = Debug|Any CPU
		{9298A77E-EF56-47E6-BAFF-E2EE68265483}.Debug|Any CPU.Build.0 = Debug|Any CPU
		{9298A77E-EF56-47E6-BAFF-E2EE68265483}.Debug|Any CPU.Deploy.0 = Debug|Any CPU
		{9298A77E-EF56-47E6-BAFF-E2EE68265483}.Release|Any CPU.ActiveCfg = Release|Any CPU
		{9298A77E-EF56-47E6-BAFF-E2EE68265483}.Release|Any CPU.Build.0 = Release|Any CPU
		{9298A77E-EF56-47E6-BAFF-E2EE68265483}.Release|Any CPU.Deploy.0 = Release|Any CPU
		{F0862B13-C997-4E6E-A58B-C9853C035FB1}.Debug|Any CPU.ActiveCfg = Debug|Any CPU
		{F0862B13-C997-4E6E-A58B-C9853C035FB1}.Debug|Any CPU.Build.0 = Debug|Any CPU
		{F0862B13-C997-4E6E-A58B-C9853C035FB1}.Release|Any CPU.ActiveCfg = Release|Any CPU
		{F0862B13-C997-4E6E-A58B-C9853C035FB1}.Release|Any CPU.Build.0 = Release|Any CPU
		{DF90DC28-F652-4B4F-94F1-77D8A9A5E68A}.Debug|Any CPU.ActiveCfg = Debug|Any CPU
		{DF90DC28-F652-4B4F-94F1-77D8A9A5E68A}.Debug|Any CPU.Build.0 = Debug|Any CPU
		{DF90DC28-F652-4B4F-94F1-77D8A9A5E68A}.Release|Any CPU.ActiveCfg = Release|Any CPU
		{DF90DC28-F652-4B4F-94F1-77D8A9A5E68A}.Release|Any CPU.Build.0 = Release|Any CPU
	EndGlobalSection
	GlobalSection(SolutionProperties) = preSolution
		HideSolutionNode = FALSE
	EndGlobalSection
	GlobalSection(ExtensibilityGlobals) = postSolution
		SolutionGuid = {9CA8C03C-BC81-493B-AA1D-9AF932BE6105}
	EndGlobalSection
EndGlobal
