
Microsoft Visual Studio Solution File, Format Version 12.00
# Visual Studio Version 17
VisualStudioVersion = 17.3.32929.385
MinimumVisualStudioVersion = 10.0.40219.1
Project("{9A19103F-16F7-4668-BE54-9A1E7A4F7556}") = "MyWallet.WebApi", "MyWallet.WebApi\MyWallet.WebApi.csproj", "{BEAB5E5D-7268-4E92-B692-90E24ADADE41}"
EndProject
Project("{9A19103F-16F7-4668-BE54-9A1E7A4F7556}") = "MyWallet.Core", "MyWallet.Core\MyWallet.Core.csproj", "{BECECEDF-D998-442E-B8D6-2EB54AB7D9B4}"
EndProject
Project("{9A19103F-16F7-4668-BE54-9A1E7A4F7556}") = "MyWallet.Services", "MyWallet.Services\MyWallet.Services.csproj", "{864B61A9-79EF-49CA-B240-3A672CA31EC8}"
EndProject
Project("{FAE04EC0-301F-11D3-BF4B-00C04F79EFBC}") = "MyWallet.Client", "MyWallet.Client\MyWallet.Client.csproj", "{FE763241-BC4E-4B59-BB64-99D483034758}"
EndProject
Global
	GlobalSection(SolutionConfigurationPlatforms) = preSolution
		Debug|Any CPU = Debug|Any CPU
		Release|Any CPU = Release|Any CPU
	EndGlobalSection
	GlobalSection(ProjectConfigurationPlatforms) = postSolution
		{BEAB5E5D-7268-4E92-B692-90E24ADADE41}.Debug|Any CPU.ActiveCfg = Debug|Any CPU
		{BEAB5E5D-7268-4E92-B692-90E24ADADE41}.Debug|Any CPU.Build.0 = Debug|Any CPU
		{BEAB5E5D-7268-4E92-B692-90E24ADADE41}.Release|Any CPU.ActiveCfg = Release|Any CPU
		{BEAB5E5D-7268-4E92-B692-90E24ADADE41}.Release|Any CPU.Build.0 = Release|Any CPU
		{BECECEDF-D998-442E-B8D6-2EB54AB7D9B4}.Debug|Any CPU.ActiveCfg = Debug|Any CPU
		{BECECEDF-D998-442E-B8D6-2EB54AB7D9B4}.Debug|Any CPU.Build.0 = Debug|Any CPU
		{BECECEDF-D998-442E-B8D6-2EB54AB7D9B4}.Release|Any CPU.ActiveCfg = Release|Any CPU
		{BECECEDF-D998-442E-B8D6-2EB54AB7D9B4}.Release|Any CPU.Build.0 = Release|Any CPU
		{864B61A9-79EF-49CA-B240-3A672CA31EC8}.Debug|Any CPU.ActiveCfg = Debug|Any CPU
		{864B61A9-79EF-49CA-B240-3A672CA31EC8}.Debug|Any CPU.Build.0 = Debug|Any CPU
		{864B61A9-79EF-49CA-B240-3A672CA31EC8}.Release|Any CPU.ActiveCfg = Release|Any CPU
		{864B61A9-79EF-49CA-B240-3A672CA31EC8}.Release|Any CPU.Build.0 = Release|Any CPU
		{FE763241-BC4E-4B59-BB64-99D483034758}.Debug|Any CPU.ActiveCfg = Debug|Any CPU
		{FE763241-BC4E-4B59-BB64-99D483034758}.Debug|Any CPU.Build.0 = Debug|Any CPU
		{FE763241-BC4E-4B59-BB64-99D483034758}.Debug|Any CPU.Deploy.0 = Debug|Any CPU
		{FE763241-BC4E-4B59-BB64-99D483034758}.Release|Any CPU.ActiveCfg = Release|Any CPU
		{FE763241-BC4E-4B59-BB64-99D483034758}.Release|Any CPU.Build.0 = Release|Any CPU
		{FE763241-BC4E-4B59-BB64-99D483034758}.Release|Any CPU.Deploy.0 = Release|Any CPU
	EndGlobalSection
	GlobalSection(SolutionProperties) = preSolution
		HideSolutionNode = FALSE
	EndGlobalSection
	GlobalSection(ExtensibilityGlobals) = postSolution
		SolutionGuid = {9CA8C03C-BC81-493B-AA1D-9AF932BE6105}
	EndGlobalSection
EndGlobal
